// !$*UTF8*$!
{
	archiveVersion = 1;
	classes = {
	};
	objectVersion = 46;
	objects = {

/* Begin PBXBuildFile section */
		926096D41D4163B600510C24 /* SpriteKit.framework in Frameworks */ = {isa = PBXBuildFile; fileRef = 926096D31D4163B600510C24 /* SpriteKit.framework */; };
		9275279C1FC2CE5200CE7DCE /* Background.fragsh in Resources */ = {isa = PBXBuildFile; fileRef = 9275279A1FC2CE5200CE7DCE /* Background.fragsh */; };
		9275279D1FC2CE5200CE7DCE /* Background.vertsh in Resources */ = {isa = PBXBuildFile; fileRef = 9275279B1FC2CE5200CE7DCE /* Background.vertsh */; };
		927B76D71D27FDC600C4F5CC /* AVFoundation.framework in Frameworks */ = {isa = PBXBuildFile; fileRef = 927B76D41D27FDC600C4F5CC /* AVFoundation.framework */; };
		927B76D81D27FDC600C4F5CC /* CoreMotion.framework in Frameworks */ = {isa = PBXBuildFile; fileRef = 927B76D51D27FDC600C4F5CC /* CoreMotion.framework */; };
		927B76DB1D27FDE500C4F5CC /* SceneKit.framework in Frameworks */ = {isa = PBXBuildFile; fileRef = 927B76D91D27FDE500C4F5CC /* SceneKit.framework */; };
		927B76DC1D27FDE500C4F5CC /* SystemConfiguration.framework in Frameworks */ = {isa = PBXBuildFile; fileRef = 927B76DA1D27FDE500C4F5CC /* SystemConfiguration.framework */; };
		927B76DE1D27FE0500C4F5CC /* CoreMedia.framework in Frameworks */ = {isa = PBXBuildFile; fileRef = 927B76DD1D27FE0500C4F5CC /* CoreMedia.framework */; };
		927B76EA1D2806EF00C4F5CC /* VuforiaEAGLView.mm in Sources */ = {isa = PBXBuildFile; fileRef = 927B76E51D2806EF00C4F5CC /* VuforiaEAGLView.mm */; };
		927B76EB1D2806EF00C4F5CC /* VuforiaManager.mm in Sources */ = {isa = PBXBuildFile; fileRef = 927B76E71D2806EF00C4F5CC /* VuforiaManager.mm */; };
		927B76EC1D2806EF00C4F5CC /* VuforiaObjects.mm in Sources */ = {isa = PBXBuildFile; fileRef = 927B76E91D2806EF00C4F5CC /* VuforiaObjects.mm */; };
		927B76FD1D2816DB00C4F5CC /* VuforiaShaderUtils.m in Sources */ = {isa = PBXBuildFile; fileRef = 927B76FC1D2816DB00C4F5CC /* VuforiaShaderUtils.m */; };
		927B77081D2824AB00C4F5CC /* OpenGLES.framework in Frameworks */ = {isa = PBXBuildFile; fileRef = 927B77071D2824AB00C4F5CC /* OpenGLES.framework */; };
		927B77091D282DF100C4F5CC /* AudioToolbox.framework in Frameworks */ = {isa = PBXBuildFile; fileRef = 927B76D31D27FDC600C4F5CC /* AudioToolbox.framework */; };
		927B770B1D282E0A00C4F5CC /* MediaPlayer.framework in Frameworks */ = {isa = PBXBuildFile; fileRef = 927B770A1D282E0A00C4F5CC /* MediaPlayer.framework */; };
		92AA11091D27A5EB00E56CBE /* AppDelegate.swift in Sources */ = {isa = PBXBuildFile; fileRef = 92AA11081D27A5EB00E56CBE /* AppDelegate.swift */; };
		92AA110B1D27A5EB00E56CBE /* ViewController.swift in Sources */ = {isa = PBXBuildFile; fileRef = 92AA110A1D27A5EB00E56CBE /* ViewController.swift */; };
		92AA110E1D27A5EB00E56CBE /* Main.storyboard in Resources */ = {isa = PBXBuildFile; fileRef = 92AA110C1D27A5EB00E56CBE /* Main.storyboard */; };
		92AA11101D27A5EB00E56CBE /* Assets.xcassets in Resources */ = {isa = PBXBuildFile; fileRef = 92AA110F1D27A5EB00E56CBE /* Assets.xcassets */; };
		92AA11131D27A5EB00E56CBE /* LaunchScreen.storyboard in Resources */ = {isa = PBXBuildFile; fileRef = 92AA11111D27A5EB00E56CBE /* LaunchScreen.storyboard */; };
		92AA11851D27B96300E56CBE /* Localizable.strings in Resources */ = {isa = PBXBuildFile; fileRef = 92AA11841D27B96300E56CBE /* Localizable.strings */; };
		E4B7A9412052F752000F4C9D /* Leather_bege.jpg in Resources */ = {isa = PBXBuildFile; fileRef = E4B7A93D2052F752000F4C9D /* Leather_bege.jpg */; };
		E4B7A9422052F752000F4C9D /* couro_bege.mtl in Resources */ = {isa = PBXBuildFile; fileRef = E4B7A93E2052F752000F4C9D /* couro_bege.mtl */; };
		E4B7A9432052F752000F4C9D /* couro_bege.obj in Resources */ = {isa = PBXBuildFile; fileRef = E4B7A93F2052F752000F4C9D /* couro_bege.obj */; };
		E4B7A9442052F752000F4C9D /* WoodFine_marrom_escuro.jpg in Resources */ = {isa = PBXBuildFile; fileRef = E4B7A9402052F752000F4C9D /* WoodFine_marrom_escuro.jpg */; };
		E4E82D032049DC26003E65A7 /* license_3rdpartynotice.txt in Resources */ = {isa = PBXBuildFile; fileRef = E4E827F82049DC24003E65A7 /* license_3rdpartynotice.txt */; };
		E4E82FF42049DC26003E65A7 /* readme.txt in Resources */ = {isa = PBXBuildFile; fileRef = E4E82C3D2049DC25003E65A7 /* readme.txt */; };
		E4E8301F2049DC26003E65A7 /* readme.txt in Resources */ = {isa = PBXBuildFile; fileRef = E4E82C8C2049DC25003E65A7 /* readme.txt */; };
		E4E830202049DC26003E65A7 /* libVuforia.a in Frameworks */ = {isa = PBXBuildFile; fileRef = E4E82CE72049DC25003E65A7 /* libVuforia.a */; };
		E4E830282049DCD6003E65A7 /* Tarmac.dat in Resources */ = {isa = PBXBuildFile; fileRef = E4E830222049DCD6003E65A7 /* Tarmac.dat */; };
		E4E830292049DCD6003E65A7 /* Tarmac.xml in Resources */ = {isa = PBXBuildFile; fileRef = E4E830232049DCD6003E65A7 /* Tarmac.xml */; };
		E4E8302A2049DCD6003E65A7 /* StonesAndChips.xml in Resources */ = {isa = PBXBuildFile; fileRef = E4E830242049DCD6003E65A7 /* StonesAndChips.xml */; };
		E4E8302B2049DCD6003E65A7 /* IT_about.html in Resources */ = {isa = PBXBuildFile; fileRef = E4E830252049DCD6003E65A7 /* IT_about.html */; };
		E4E8302C2049DCD6003E65A7 /* StonesAndChips.dat in Resources */ = {isa = PBXBuildFile; fileRef = E4E830262049DCD6003E65A7 /* StonesAndChips.dat */; };
		E4E8302D2049DCD6003E65A7 /* IT.png in Resources */ = {isa = PBXBuildFile; fileRef = E4E830272049DCD6003E65A7 /* IT.png */; };
		E4F05993205855C4002FF3E3 /* ModelSelectionVC.swift in Sources */ = {isa = PBXBuildFile; fileRef = E4F05992205855C4002FF3E3 /* ModelSelectionVC.swift */; };
		E4F05999205859E7002FF3E3 /* trama_marrom_R.jpg in Resources */ = {isa = PBXBuildFile; fileRef = E4F05995205859E7002FF3E3 /* trama_marrom_R.jpg */; };
		E4F0599A205859E7002FF3E3 /* CADEIRA_URBAN_TRAMA_MARROM_B.obj in Resources */ = {isa = PBXBuildFile; fileRef = E4F05996205859E7002FF3E3 /* CADEIRA_URBAN_TRAMA_MARROM_B.obj */; };
		E4F0599B205859E7002FF3E3 /* WoodFine_marrom_claro_R.jpg in Resources */ = {isa = PBXBuildFile; fileRef = E4F05997205859E7002FF3E3 /* WoodFine_marrom_claro_R.jpg */; };
		E4F0599C205859E7002FF3E3 /* CADEIRA_URBAN_TRAMA_MARROM_B.mtl in Resources */ = {isa = PBXBuildFile; fileRef = E4F05998205859E7002FF3E3 /* CADEIRA_URBAN_TRAMA_MARROM_B.mtl */; };
		E4F059A1205859EF002FF3E3 /* MESA_JANTAR_NEW_FOREST_P_CANYON_B.mtl in Resources */ = {isa = PBXBuildFile; fileRef = E4F0599E205859EF002FF3E3 /* MESA_JANTAR_NEW_FOREST_P_CANYON_B.mtl */; };
		E4F059A2205859EF002FF3E3 /* MESA_JANTAR_NEW_FOREST_P_CANYON_B.obj in Resources */ = {isa = PBXBuildFile; fileRef = E4F0599F205859EF002FF3E3 /* MESA_JANTAR_NEW_FOREST_P_CANYON_B.obj */; };
		E4F059A3205859EF002FF3E3 /* canyon_R.jpg in Resources */ = {isa = PBXBuildFile; fileRef = E4F059A0205859EF002FF3E3 /* canyon_R.jpg */; };
/* End PBXBuildFile section */

/* Begin PBXFileReference section */
		926096D31D4163B600510C24 /* SpriteKit.framework */ = {isa = PBXFileReference; lastKnownFileType = wrapper.framework; name = SpriteKit.framework; path = System/Library/Frameworks/SpriteKit.framework; sourceTree = SDKROOT; };
		9275279A1FC2CE5200CE7DCE /* Background.fragsh */ = {isa = PBXFileReference; fileEncoding = 4; lastKnownFileType = text; path = Background.fragsh; sourceTree = "<group>"; };
		9275279B1FC2CE5200CE7DCE /* Background.vertsh */ = {isa = PBXFileReference; fileEncoding = 4; lastKnownFileType = text; path = Background.vertsh; sourceTree = "<group>"; };
		927B76D31D27FDC600C4F5CC /* AudioToolbox.framework */ = {isa = PBXFileReference; lastKnownFileType = wrapper.framework; name = AudioToolbox.framework; path = System/Library/Frameworks/AudioToolbox.framework; sourceTree = SDKROOT; };
		927B76D41D27FDC600C4F5CC /* AVFoundation.framework */ = {isa = PBXFileReference; lastKnownFileType = wrapper.framework; name = AVFoundation.framework; path = System/Library/Frameworks/AVFoundation.framework; sourceTree = SDKROOT; };
		927B76D51D27FDC600C4F5CC /* CoreMotion.framework */ = {isa = PBXFileReference; lastKnownFileType = wrapper.framework; name = CoreMotion.framework; path = System/Library/Frameworks/CoreMotion.framework; sourceTree = SDKROOT; };
		927B76D91D27FDE500C4F5CC /* SceneKit.framework */ = {isa = PBXFileReference; lastKnownFileType = wrapper.framework; name = SceneKit.framework; path = System/Library/Frameworks/SceneKit.framework; sourceTree = SDKROOT; };
		927B76DA1D27FDE500C4F5CC /* SystemConfiguration.framework */ = {isa = PBXFileReference; lastKnownFileType = wrapper.framework; name = SystemConfiguration.framework; path = System/Library/Frameworks/SystemConfiguration.framework; sourceTree = SDKROOT; };
		927B76DD1D27FE0500C4F5CC /* CoreMedia.framework */ = {isa = PBXFileReference; lastKnownFileType = wrapper.framework; name = CoreMedia.framework; path = System/Library/Frameworks/CoreMedia.framework; sourceTree = SDKROOT; };
		927B76E41D2806EF00C4F5CC /* VuforiaEAGLView.h */ = {isa = PBXFileReference; fileEncoding = 4; lastKnownFileType = sourcecode.c.h; name = VuforiaEAGLView.h; path = VuforiaManager/VuforiaEAGLView.h; sourceTree = "<group>"; };
		927B76E51D2806EF00C4F5CC /* VuforiaEAGLView.mm */ = {isa = PBXFileReference; fileEncoding = 4; lastKnownFileType = sourcecode.cpp.objcpp; name = VuforiaEAGLView.mm; path = VuforiaManager/VuforiaEAGLView.mm; sourceTree = "<group>"; };
		927B76E61D2806EF00C4F5CC /* VuforiaManager.h */ = {isa = PBXFileReference; fileEncoding = 4; lastKnownFileType = sourcecode.c.h; name = VuforiaManager.h; path = VuforiaManager/VuforiaManager.h; sourceTree = "<group>"; };
		927B76E71D2806EF00C4F5CC /* VuforiaManager.mm */ = {isa = PBXFileReference; fileEncoding = 4; lastKnownFileType = sourcecode.cpp.objcpp; name = VuforiaManager.mm; path = VuforiaManager/VuforiaManager.mm; sourceTree = "<group>"; };
		927B76E81D2806EF00C4F5CC /* VuforiaObjects.h */ = {isa = PBXFileReference; fileEncoding = 4; lastKnownFileType = sourcecode.c.h; name = VuforiaObjects.h; path = VuforiaManager/VuforiaObjects.h; sourceTree = "<group>"; };
		927B76E91D2806EF00C4F5CC /* VuforiaObjects.mm */ = {isa = PBXFileReference; fileEncoding = 4; lastKnownFileType = sourcecode.cpp.objcpp; name = VuforiaObjects.mm; path = VuforiaManager/VuforiaObjects.mm; sourceTree = "<group>"; };
		927B76FB1D2816DB00C4F5CC /* VuforiaShaderUtils.h */ = {isa = PBXFileReference; fileEncoding = 4; lastKnownFileType = sourcecode.c.h; name = VuforiaShaderUtils.h; path = VuforiaManager/VuforiaShaderUtils.h; sourceTree = "<group>"; };
		927B76FC1D2816DB00C4F5CC /* VuforiaShaderUtils.m */ = {isa = PBXFileReference; fileEncoding = 4; lastKnownFileType = sourcecode.c.objc; name = VuforiaShaderUtils.m; path = VuforiaManager/VuforiaShaderUtils.m; sourceTree = "<group>"; };
		927B77071D2824AB00C4F5CC /* OpenGLES.framework */ = {isa = PBXFileReference; lastKnownFileType = wrapper.framework; name = OpenGLES.framework; path = System/Library/Frameworks/OpenGLES.framework; sourceTree = SDKROOT; };
		927B770A1D282E0A00C4F5CC /* MediaPlayer.framework */ = {isa = PBXFileReference; lastKnownFileType = wrapper.framework; name = MediaPlayer.framework; path = System/Library/Frameworks/MediaPlayer.framework; sourceTree = SDKROOT; };
		92AA11051D27A5EB00E56CBE /* VuforiaSampleSwift.app */ = {isa = PBXFileReference; explicitFileType = wrapper.application; includeInIndex = 0; path = VuforiaSampleSwift.app; sourceTree = BUILT_PRODUCTS_DIR; };
		92AA11081D27A5EB00E56CBE /* AppDelegate.swift */ = {isa = PBXFileReference; lastKnownFileType = sourcecode.swift; path = AppDelegate.swift; sourceTree = "<group>"; };
		92AA110A1D27A5EB00E56CBE /* ViewController.swift */ = {isa = PBXFileReference; lastKnownFileType = sourcecode.swift; path = ViewController.swift; sourceTree = "<group>"; };
		92AA110D1D27A5EB00E56CBE /* Base */ = {isa = PBXFileReference; lastKnownFileType = file.storyboard; name = Base; path = Base.lproj/Main.storyboard; sourceTree = "<group>"; };
		92AA110F1D27A5EB00E56CBE /* Assets.xcassets */ = {isa = PBXFileReference; lastKnownFileType = folder.assetcatalog; path = Assets.xcassets; sourceTree = "<group>"; };
		92AA11121D27A5EB00E56CBE /* Base */ = {isa = PBXFileReference; lastKnownFileType = file.storyboard; name = Base; path = Base.lproj/LaunchScreen.storyboard; sourceTree = "<group>"; };
		92AA11141D27A5EB00E56CBE /* Info.plist */ = {isa = PBXFileReference; lastKnownFileType = text.plist.xml; path = Info.plist; sourceTree = "<group>"; };
		92AA11801D27A6CD00E56CBE /* VuforiaSampleSwift-Bridging-Header.h */ = {isa = PBXFileReference; lastKnownFileType = sourcecode.c.h; path = "VuforiaSampleSwift-Bridging-Header.h"; sourceTree = "<group>"; };
		92AA11841D27B96300E56CBE /* Localizable.strings */ = {isa = PBXFileReference; fileEncoding = 4; lastKnownFileType = text.plist.strings; path = Localizable.strings; sourceTree = "<group>"; };
		E4B7A93D2052F752000F4C9D /* Leather_bege.jpg */ = {isa = PBXFileReference; lastKnownFileType = image.jpeg; path = Leather_bege.jpg; sourceTree = "<group>"; };
		E4B7A93E2052F752000F4C9D /* couro_bege.mtl */ = {isa = PBXFileReference; fileEncoding = 4; lastKnownFileType = text; path = couro_bege.mtl; sourceTree = "<group>"; };
		E4B7A93F2052F752000F4C9D /* couro_bege.obj */ = {isa = PBXFileReference; fileEncoding = 4; lastKnownFileType = text; path = couro_bege.obj; sourceTree = "<group>"; };
		E4B7A9402052F752000F4C9D /* WoodFine_marrom_escuro.jpg */ = {isa = PBXFileReference; lastKnownFileType = image.jpeg; path = WoodFine_marrom_escuro.jpg; sourceTree = "<group>"; };
		E4E827F82049DC24003E65A7 /* license_3rdpartynotice.txt */ = {isa = PBXFileReference; fileEncoding = 4; lastKnownFileType = text; path = license_3rdpartynotice.txt; sourceTree = "<group>"; };
		E4E82C3D2049DC25003E65A7 /* readme.txt */ = {isa = PBXFileReference; fileEncoding = 4; lastKnownFileType = text; path = readme.txt; sourceTree = "<group>"; };
		E4E82C8C2049DC25003E65A7 /* readme.txt */ = {isa = PBXFileReference; fileEncoding = 4; lastKnownFileType = text; path = readme.txt; sourceTree = "<group>"; };
		E4E82C902049DC25003E65A7 /* Type.h */ = {isa = PBXFileReference; fileEncoding = 4; lastKnownFileType = sourcecode.c.h; path = Type.h; sourceTree = "<group>"; };
		E4E82C912049DC25003E65A7 /* MetalRenderer.h */ = {isa = PBXFileReference; fileEncoding = 4; lastKnownFileType = sourcecode.c.h; path = MetalRenderer.h; sourceTree = "<group>"; };
		E4E82C922049DC25003E65A7 /* VuMarkTarget.h */ = {isa = PBXFileReference; fileEncoding = 4; lastKnownFileType = sourcecode.c.h; path = VuMarkTarget.h; sourceTree = "<group>"; };
		E4E82C932049DC25003E65A7 /* GLRenderer.h */ = {isa = PBXFileReference; fileEncoding = 4; lastKnownFileType = sourcecode.c.h; path = GLRenderer.h; sourceTree = "<group>"; };
		E4E82C942049DC25003E65A7 /* TrackableSource.h */ = {isa = PBXFileReference; fileEncoding = 4; lastKnownFileType = sourcecode.c.h; path = TrackableSource.h; sourceTree = "<group>"; };
		E4E82C952049DC25003E65A7 /* Obb3D.h */ = {isa = PBXFileReference; fileEncoding = 4; lastKnownFileType = sourcecode.c.h; path = Obb3D.h; sourceTree = "<group>"; };
		E4E82C962049DC25003E65A7 /* Vuforia_iOS.h */ = {isa = PBXFileReference; fileEncoding = 4; lastKnownFileType = sourcecode.c.h; path = Vuforia_iOS.h; sourceTree = "<group>"; };
		E4E82C972049DC25003E65A7 /* VideoBackgroundTextureInfo.h */ = {isa = PBXFileReference; fileEncoding = 4; lastKnownFileType = sourcecode.c.h; path = VideoBackgroundTextureInfo.h; sourceTree = "<group>"; };
		E4E82C982049DC25003E65A7 /* WordList.h */ = {isa = PBXFileReference; fileEncoding = 4; lastKnownFileType = sourcecode.c.h; path = WordList.h; sourceTree = "<group>"; };
		E4E82C992049DC25003E65A7 /* CylinderTargetResult.h */ = {isa = PBXFileReference; fileEncoding = 4; lastKnownFileType = sourcecode.c.h; path = CylinderTargetResult.h; sourceTree = "<group>"; };
		E4E82C9A2049DC25003E65A7 /* Device.h */ = {isa = PBXFileReference; fileEncoding = 4; lastKnownFileType = sourcecode.c.h; path = Device.h; sourceTree = "<group>"; };
		E4E82C9B2049DC25003E65A7 /* CustomViewerParameters.h */ = {isa = PBXFileReference; fileEncoding = 4; lastKnownFileType = sourcecode.c.h; path = CustomViewerParameters.h; sourceTree = "<group>"; };
		E4E82C9C2049DC25003E65A7 /* Obb2D.h */ = {isa = PBXFileReference; fileEncoding = 4; lastKnownFileType = sourcecode.c.h; path = Obb2D.h; sourceTree = "<group>"; };
		E4E82C9D2049DC25003E65A7 /* ModelTarget.h */ = {isa = PBXFileReference; fileEncoding = 4; lastKnownFileType = sourcecode.c.h; path = ModelTarget.h; sourceTree = "<group>"; };
		E4E82C9E2049DC25003E65A7 /* Anchor.h */ = {isa = PBXFileReference; fileEncoding = 4; lastKnownFileType = sourcecode.c.h; path = Anchor.h; sourceTree = "<group>"; };
		E4E82C9F2049DC25003E65A7 /* InstanceId.h */ = {isa = PBXFileReference; fileEncoding = 4; lastKnownFileType = sourcecode.c.h; path = InstanceId.h; sourceTree = "<group>"; };
		E4E82CA02049DC25003E65A7 /* VideoMode.h */ = {isa = PBXFileReference; fileEncoding = 4; lastKnownFileType = sourcecode.c.h; path = VideoMode.h; sourceTree = "<group>"; };
		E4E82CA12049DC25003E65A7 /* TrackableResult.h */ = {isa = PBXFileReference; fileEncoding = 4; lastKnownFileType = sourcecode.c.h; path = TrackableResult.h; sourceTree = "<group>"; };
		E4E82CA22049DC25003E65A7 /* RotationalDeviceTracker.h */ = {isa = PBXFileReference; fileEncoding = 4; lastKnownFileType = sourcecode.c.h; path = RotationalDeviceTracker.h; sourceTree = "<group>"; };
		E4E82CA32049DC25003E65A7 /* ObjectTargetResult.h */ = {isa = PBXFileReference; fileEncoding = 4; lastKnownFileType = sourcecode.c.h; path = ObjectTargetResult.h; sourceTree = "<group>"; };
		E4E82CA42049DC25003E65A7 /* TextTracker.h */ = {isa = PBXFileReference; fileEncoding = 4; lastKnownFileType = sourcecode.c.h; path = TextTracker.h; sourceTree = "<group>"; };
		E4E82CA52049DC25003E65A7 /* TargetSearchResult.h */ = {isa = PBXFileReference; fileEncoding = 4; lastKnownFileType = sourcecode.c.h; path = TargetSearchResult.h; sourceTree = "<group>"; };
		E4E82CA62049DC25003E65A7 /* MultiTarget.h */ = {isa = PBXFileReference; fileEncoding = 4; lastKnownFileType = sourcecode.c.h; path = MultiTarget.h; sourceTree = "<group>"; };
		E4E82CA72049DC25003E65A7 /* Frame.h */ = {isa = PBXFileReference; fileEncoding = 4; lastKnownFileType = sourcecode.c.h; path = Frame.h; sourceTree = "<group>"; };
		E4E82CA82049DC25003E65A7 /* Renderer.h */ = {isa = PBXFileReference; fileEncoding = 4; lastKnownFileType = sourcecode.c.h; path = Renderer.h; sourceTree = "<group>"; };
		E4E82CA92049DC25003E65A7 /* Box3D.h */ = {isa = PBXFileReference; fileEncoding = 4; lastKnownFileType = sourcecode.c.h; path = Box3D.h; sourceTree = "<group>"; };
		E4E82CAA2049DC25003E65A7 /* Vectors.h */ = {isa = PBXFileReference; fileEncoding = 4; lastKnownFileType = sourcecode.c.h; path = Vectors.h; sourceTree = "<group>"; };
		E4E82CAB2049DC25003E65A7 /* Mesh.h */ = {isa = PBXFileReference; fileEncoding = 4; lastKnownFileType = sourcecode.c.h; path = Mesh.h; sourceTree = "<group>"; };
		E4E82CAC2049DC25003E65A7 /* View.h */ = {isa = PBXFileReference; fileEncoding = 4; lastKnownFileType = sourcecode.c.h; path = View.h; sourceTree = "<group>"; };
		E4E82CAD2049DC25003E65A7 /* VuMarkTargetResult.h */ = {isa = PBXFileReference; fileEncoding = 4; lastKnownFileType = sourcecode.c.h; path = VuMarkTargetResult.h; sourceTree = "<group>"; };
		E4E82CAE2049DC25003E65A7 /* Area.h */ = {isa = PBXFileReference; fileEncoding = 4; lastKnownFileType = sourcecode.c.h; path = Area.h; sourceTree = "<group>"; };
		E4E82CAF2049DC25003E65A7 /* GuideView.h */ = {isa = PBXFileReference; fileEncoding = 4; lastKnownFileType = sourcecode.c.h; path = GuideView.h; sourceTree = "<group>"; };
		E4E82CB02049DC25003E65A7 /* ObjectTracker.h */ = {isa = PBXFileReference; fileEncoding = 4; lastKnownFileType = sourcecode.c.h; path = ObjectTracker.h; sourceTree = "<group>"; };
		E4E82CB12049DC25003E65A7 /* EyewearCalibrationProfileManager.h */ = {isa = PBXFileReference; fileEncoding = 4; lastKnownFileType = sourcecode.c.h; path = EyewearCalibrationProfileManager.h; sourceTree = "<group>"; };
		E4E82CB22049DC25003E65A7 /* DeviceTrackableResult.h */ = {isa = PBXFileReference; fileEncoding = 4; lastKnownFileType = sourcecode.c.h; path = DeviceTrackableResult.h; sourceTree = "<group>"; };
		E4E82CB32049DC25003E65A7 /* VirtualButtonResult.h */ = {isa = PBXFileReference; fileEncoding = 4; lastKnownFileType = sourcecode.c.h; path = VirtualButtonResult.h; sourceTree = "<group>"; };
		E4E82CB42049DC25003E65A7 /* Illumination.h */ = {isa = PBXFileReference; fileEncoding = 4; lastKnownFileType = sourcecode.c.h; path = Illumination.h; sourceTree = "<group>"; };
		E4E82CB52049DC25003E65A7 /* DataSet.h */ = {isa = PBXFileReference; fileEncoding = 4; lastKnownFileType = sourcecode.c.h; path = DataSet.h; sourceTree = "<group>"; };
		E4E82CB62049DC25003E65A7 /* EyewearCalibrationReading.h */ = {isa = PBXFileReference; fileEncoding = 4; lastKnownFileType = sourcecode.c.h; path = EyewearCalibrationReading.h; sourceTree = "<group>"; };
		E4E82CB72049DC25003E65A7 /* ModelTargetResult.h */ = {isa = PBXFileReference; fileEncoding = 4; lastKnownFileType = sourcecode.c.h; path = ModelTargetResult.h; sourceTree = "<group>"; };
		E4E82CB82049DC25003E65A7 /* EyeID.h */ = {isa = PBXFileReference; fileEncoding = 4; lastKnownFileType = sourcecode.c.h; path = EyeID.h; sourceTree = "<group>"; };
		E4E82CB92049DC25003E65A7 /* SmartTerrain.h */ = {isa = PBXFileReference; fileEncoding = 4; lastKnownFileType = sourcecode.c.h; path = SmartTerrain.h; sourceTree = "<group>"; };
		E4E82CBA2049DC25003E65A7 /* EyewearUserCalibrator.h */ = {isa = PBXFileReference; fileEncoding = 4; lastKnownFileType = sourcecode.c.h; path = EyewearUserCalibrator.h; sourceTree = "<group>"; };
		E4E82CBB2049DC25003E65A7 /* NonCopyable.h */ = {isa = PBXFileReference; fileEncoding = 4; lastKnownFileType = sourcecode.c.h; path = NonCopyable.h; sourceTree = "<group>"; };
		E4E82CBC2049DC25003E65A7 /* HeadTransformModel.h */ = {isa = PBXFileReference; fileEncoding = 4; lastKnownFileType = sourcecode.c.h; path = HeadTransformModel.h; sourceTree = "<group>"; };
		E4E82CBD2049DC25003E65A7 /* ImageTarget.h */ = {isa = PBXFileReference; fileEncoding = 4; lastKnownFileType = sourcecode.c.h; path = ImageTarget.h; sourceTree = "<group>"; };
		E4E82CBE2049DC25003E65A7 /* PositionalDeviceTracker.h */ = {isa = PBXFileReference; fileEncoding = 4; lastKnownFileType = sourcecode.c.h; path = PositionalDeviceTracker.h; sourceTree = "<group>"; };
		E4E82CBF2049DC25003E65A7 /* Vuforia.h */ = {isa = PBXFileReference; fileEncoding = 4; lastKnownFileType = sourcecode.c.h; path = Vuforia.h; sourceTree = "<group>"; };
		E4E82CC02049DC25003E65A7 /* VuMarkTemplate.h */ = {isa = PBXFileReference; fileEncoding = 4; lastKnownFileType = sourcecode.c.h; path = VuMarkTemplate.h; sourceTree = "<group>"; };
		E4E82CC12049DC25003E65A7 /* TrackerManager.h */ = {isa = PBXFileReference; fileEncoding = 4; lastKnownFileType = sourcecode.c.h; path = TrackerManager.h; sourceTree = "<group>"; };
		E4E82CC22049DC25003E65A7 /* VirtualButton.h */ = {isa = PBXFileReference; fileEncoding = 4; lastKnownFileType = sourcecode.c.h; path = VirtualButton.h; sourceTree = "<group>"; };
		E4E82CC32049DC25003E65A7 /* Trackable.h */ = {isa = PBXFileReference; fileEncoding = 4; lastKnownFileType = sourcecode.c.h; path = Trackable.h; sourceTree = "<group>"; };
		E4E82CC42049DC25003E65A7 /* UpdateCallback.h */ = {isa = PBXFileReference; fileEncoding = 4; lastKnownFileType = sourcecode.c.h; path = UpdateCallback.h; sourceTree = "<group>"; };
		E4E82CC52049DC25003E65A7 /* EyewearDevice.h */ = {isa = PBXFileReference; fileEncoding = 4; lastKnownFileType = sourcecode.c.h; path = EyewearDevice.h; sourceTree = "<group>"; };
		E4E82CC62049DC25003E65A7 /* UIGLViewProtocol.h */ = {isa = PBXFileReference; fileEncoding = 4; lastKnownFileType = sourcecode.c.h; path = UIGLViewProtocol.h; sourceTree = "<group>"; };
		E4E82CC72049DC25003E65A7 /* ViewerParametersList.h */ = {isa = PBXFileReference; fileEncoding = 4; lastKnownFileType = sourcecode.c.h; path = ViewerParametersList.h; sourceTree = "<group>"; };
		E4E82CC82049DC25003E65A7 /* MultiTargetResult.h */ = {isa = PBXFileReference; fileEncoding = 4; lastKnownFileType = sourcecode.c.h; path = MultiTargetResult.h; sourceTree = "<group>"; };
		E4E82CC92049DC25003E65A7 /* Tool.h */ = {isa = PBXFileReference; fileEncoding = 4; lastKnownFileType = sourcecode.c.h; path = Tool.h; sourceTree = "<group>"; };
		E4E82CCA2049DC25003E65A7 /* System.h */ = {isa = PBXFileReference; fileEncoding = 4; lastKnownFileType = sourcecode.c.h; path = System.h; sourceTree = "<group>"; };
		E4E82CCB2049DC25003E65A7 /* HandheldTransformModel.h */ = {isa = PBXFileReference; fileEncoding = 4; lastKnownFileType = sourcecode.c.h; path = HandheldTransformModel.h; sourceTree = "<group>"; };
		E4E82CCC2049DC25003E65A7 /* TargetFinder.h */ = {isa = PBXFileReference; fileEncoding = 4; lastKnownFileType = sourcecode.c.h; path = TargetFinder.h; sourceTree = "<group>"; };
		E4E82CCD2049DC25003E65A7 /* Matrices.h */ = {isa = PBXFileReference; fileEncoding = 4; lastKnownFileType = sourcecode.c.h; path = Matrices.h; sourceTree = "<group>"; };
		E4E82CCE2049DC25003E65A7 /* Rectangle.h */ = {isa = PBXFileReference; fileEncoding = 4; lastKnownFileType = sourcecode.c.h; path = Rectangle.h; sourceTree = "<group>"; };
		E4E82CCF2049DC25003E65A7 /* CylinderTarget.h */ = {isa = PBXFileReference; fileEncoding = 4; lastKnownFileType = sourcecode.c.h; path = CylinderTarget.h; sourceTree = "<group>"; };
		E4E82CD02049DC25003E65A7 /* CameraField.h */ = {isa = PBXFileReference; fileEncoding = 4; lastKnownFileType = sourcecode.c.h; path = CameraField.h; sourceTree = "<group>"; };
		E4E82CD12049DC25003E65A7 /* DeviceTracker.h */ = {isa = PBXFileReference; fileEncoding = 4; lastKnownFileType = sourcecode.c.h; path = DeviceTracker.h; sourceTree = "<group>"; };
		E4E82CD22049DC25003E65A7 /* CameraDevice.h */ = {isa = PBXFileReference; fileEncoding = 4; lastKnownFileType = sourcecode.c.h; path = CameraDevice.h; sourceTree = "<group>"; };
		E4E82CD32049DC25003E65A7 /* HitTestResult.h */ = {isa = PBXFileReference; fileEncoding = 4; lastKnownFileType = sourcecode.c.h; path = HitTestResult.h; sourceTree = "<group>"; };
		E4E82CD42049DC25003E65A7 /* WordResult.h */ = {isa = PBXFileReference; fileEncoding = 4; lastKnownFileType = sourcecode.c.h; path = WordResult.h; sourceTree = "<group>"; };
		E4E82CD52049DC25003E65A7 /* TransformModel.h */ = {isa = PBXFileReference; fileEncoding = 4; lastKnownFileType = sourcecode.c.h; path = TransformModel.h; sourceTree = "<group>"; };
		E4E82CD62049DC25003E65A7 /* DeviceTrackable.h */ = {isa = PBXFileReference; fileEncoding = 4; lastKnownFileType = sourcecode.c.h; path = DeviceTrackable.h; sourceTree = "<group>"; };
		E4E82CD72049DC25003E65A7 /* State.h */ = {isa = PBXFileReference; fileEncoding = 4; lastKnownFileType = sourcecode.c.h; path = State.h; sourceTree = "<group>"; };
		E4E82CD82049DC25003E65A7 /* Tracker.h */ = {isa = PBXFileReference; fileEncoding = 4; lastKnownFileType = sourcecode.c.h; path = Tracker.h; sourceTree = "<group>"; };
		E4E82CD92049DC25003E65A7 /* VideoBackgroundConfig.h */ = {isa = PBXFileReference; fileEncoding = 4; lastKnownFileType = sourcecode.c.h; path = VideoBackgroundConfig.h; sourceTree = "<group>"; };
		E4E82CDA2049DC25003E65A7 /* CameraCalibration.h */ = {isa = PBXFileReference; fileEncoding = 4; lastKnownFileType = sourcecode.c.h; path = CameraCalibration.h; sourceTree = "<group>"; };
		E4E82CDB2049DC25003E65A7 /* AnchorResult.h */ = {isa = PBXFileReference; fileEncoding = 4; lastKnownFileType = sourcecode.c.h; path = AnchorResult.h; sourceTree = "<group>"; };
		E4E82CDC2049DC25003E65A7 /* Word.h */ = {isa = PBXFileReference; fileEncoding = 4; lastKnownFileType = sourcecode.c.h; path = Word.h; sourceTree = "<group>"; };
		E4E82CDD2049DC25003E65A7 /* ViewerParameters.h */ = {isa = PBXFileReference; fileEncoding = 4; lastKnownFileType = sourcecode.c.h; path = ViewerParameters.h; sourceTree = "<group>"; };
		E4E82CDE2049DC25003E65A7 /* ImageTargetResult.h */ = {isa = PBXFileReference; fileEncoding = 4; lastKnownFileType = sourcecode.c.h; path = ImageTargetResult.h; sourceTree = "<group>"; };
		E4E82CDF2049DC25003E65A7 /* ViewList.h */ = {isa = PBXFileReference; fileEncoding = 4; lastKnownFileType = sourcecode.c.h; path = ViewList.h; sourceTree = "<group>"; };
		E4E82CE02049DC25003E65A7 /* Image.h */ = {isa = PBXFileReference; fileEncoding = 4; lastKnownFileType = sourcecode.c.h; path = Image.h; sourceTree = "<group>"; };
		E4E82CE12049DC25003E65A7 /* RenderingPrimitives.h */ = {isa = PBXFileReference; fileEncoding = 4; lastKnownFileType = sourcecode.c.h; path = RenderingPrimitives.h; sourceTree = "<group>"; };
		E4E82CE22049DC25003E65A7 /* StateUpdater.h */ = {isa = PBXFileReference; fileEncoding = 4; lastKnownFileType = sourcecode.c.h; path = StateUpdater.h; sourceTree = "<group>"; };
		E4E82CE32049DC25003E65A7 /* ImageTargetBuilder.h */ = {isa = PBXFileReference; fileEncoding = 4; lastKnownFileType = sourcecode.c.h; path = ImageTargetBuilder.h; sourceTree = "<group>"; };
		E4E82CE42049DC25003E65A7 /* ObjectTarget.h */ = {isa = PBXFileReference; fileEncoding = 4; lastKnownFileType = sourcecode.c.h; path = ObjectTarget.h; sourceTree = "<group>"; };
		E4E82CE72049DC25003E65A7 /* libVuforia.a */ = {isa = PBXFileReference; lastKnownFileType = archive.ar; path = libVuforia.a; sourceTree = "<group>"; };
		E4E830222049DCD6003E65A7 /* Tarmac.dat */ = {isa = PBXFileReference; lastKnownFileType = file; path = Tarmac.dat; sourceTree = "<group>"; };
		E4E830232049DCD6003E65A7 /* Tarmac.xml */ = {isa = PBXFileReference; fileEncoding = 4; lastKnownFileType = text.xml; path = Tarmac.xml; sourceTree = "<group>"; };
		E4E830242049DCD6003E65A7 /* StonesAndChips.xml */ = {isa = PBXFileReference; fileEncoding = 4; lastKnownFileType = text.xml; path = StonesAndChips.xml; sourceTree = "<group>"; };
		E4E830252049DCD6003E65A7 /* IT_about.html */ = {isa = PBXFileReference; fileEncoding = 4; lastKnownFileType = text.html; path = IT_about.html; sourceTree = "<group>"; };
		E4E830262049DCD6003E65A7 /* StonesAndChips.dat */ = {isa = PBXFileReference; lastKnownFileType = file; path = StonesAndChips.dat; sourceTree = "<group>"; };
		E4E830272049DCD6003E65A7 /* IT.png */ = {isa = PBXFileReference; lastKnownFileType = image.png; path = IT.png; sourceTree = "<group>"; };
		E4F05992205855C4002FF3E3 /* ModelSelectionVC.swift */ = {isa = PBXFileReference; lastKnownFileType = sourcecode.swift; path = ModelSelectionVC.swift; sourceTree = "<group>"; };
		E4F05995205859E7002FF3E3 /* trama_marrom_R.jpg */ = {isa = PBXFileReference; lastKnownFileType = image.jpeg; path = trama_marrom_R.jpg; sourceTree = "<group>"; };
		E4F05996205859E7002FF3E3 /* CADEIRA_URBAN_TRAMA_MARROM_B.obj */ = {isa = PBXFileReference; fileEncoding = 4; lastKnownFileType = text; path = CADEIRA_URBAN_TRAMA_MARROM_B.obj; sourceTree = "<group>"; };
		E4F05997205859E7002FF3E3 /* WoodFine_marrom_claro_R.jpg */ = {isa = PBXFileReference; lastKnownFileType = image.jpeg; path = WoodFine_marrom_claro_R.jpg; sourceTree = "<group>"; };
		E4F05998205859E7002FF3E3 /* CADEIRA_URBAN_TRAMA_MARROM_B.mtl */ = {isa = PBXFileReference; fileEncoding = 4; lastKnownFileType = text; path = CADEIRA_URBAN_TRAMA_MARROM_B.mtl; sourceTree = "<group>"; };
		E4F0599E205859EF002FF3E3 /* MESA_JANTAR_NEW_FOREST_P_CANYON_B.mtl */ = {isa = PBXFileReference; fileEncoding = 4; lastKnownFileType = text; path = MESA_JANTAR_NEW_FOREST_P_CANYON_B.mtl; sourceTree = "<group>"; };
		E4F0599F205859EF002FF3E3 /* MESA_JANTAR_NEW_FOREST_P_CANYON_B.obj */ = {isa = PBXFileReference; fileEncoding = 4; lastKnownFileType = text; path = MESA_JANTAR_NEW_FOREST_P_CANYON_B.obj; sourceTree = "<group>"; };
		E4F059A0205859EF002FF3E3 /* canyon_R.jpg */ = {isa = PBXFileReference; lastKnownFileType = image.jpeg; path = canyon_R.jpg; sourceTree = "<group>"; };
/* End PBXFileReference section */

/* Begin PBXFrameworksBuildPhase section */
		92AA11021D27A5EB00E56CBE /* Frameworks */ = {
			isa = PBXFrameworksBuildPhase;
			buildActionMask = 2147483647;
			files = (
				926096D41D4163B600510C24 /* SpriteKit.framework in Frameworks */,
				927B770B1D282E0A00C4F5CC /* MediaPlayer.framework in Frameworks */,
				927B77091D282DF100C4F5CC /* AudioToolbox.framework in Frameworks */,
				927B77081D2824AB00C4F5CC /* OpenGLES.framework in Frameworks */,
				927B76DE1D27FE0500C4F5CC /* CoreMedia.framework in Frameworks */,
				927B76DB1D27FDE500C4F5CC /* SceneKit.framework in Frameworks */,
				E4E830202049DC26003E65A7 /* libVuforia.a in Frameworks */,
				927B76DC1D27FDE500C4F5CC /* SystemConfiguration.framework in Frameworks */,
				927B76D71D27FDC600C4F5CC /* AVFoundation.framework in Frameworks */,
				927B76D81D27FDC600C4F5CC /* CoreMotion.framework in Frameworks */,
			);
			runOnlyForDeploymentPostprocessing = 0;
		};
/* End PBXFrameworksBuildPhase section */

/* Begin PBXGroup section */
		927527971FC2BE0400CE7DCE /* Frameworks */ = {
			isa = PBXGroup;
			children = (
			);
			name = Frameworks;
			sourceTree = "<group>";
		};
		927527991FC2CE4100CE7DCE /* shaders */ = {
			isa = PBXGroup;
			children = (
				9275279A1FC2CE5200CE7DCE /* Background.fragsh */,
				9275279B1FC2CE5200CE7DCE /* Background.vertsh */,
			);
			name = shaders;
			sourceTree = "<group>";
		};
		927B76DF1D27FE5900C4F5CC /* Frameworks */ = {
			isa = PBXGroup;
			children = (
				926096D31D4163B600510C24 /* SpriteKit.framework */,
				927B770A1D282E0A00C4F5CC /* MediaPlayer.framework */,
				927B77071D2824AB00C4F5CC /* OpenGLES.framework */,
				927B76DD1D27FE0500C4F5CC /* CoreMedia.framework */,
				927B76D91D27FDE500C4F5CC /* SceneKit.framework */,
				927B76DA1D27FDE500C4F5CC /* SystemConfiguration.framework */,
				927B76D31D27FDC600C4F5CC /* AudioToolbox.framework */,
				927B76D41D27FDC600C4F5CC /* AVFoundation.framework */,
				927B76D51D27FDC600C4F5CC /* CoreMotion.framework */,
			);
			name = Frameworks;
			path = ..;
			sourceTree = "<group>";
		};
		927B76E31D27FF2300C4F5CC /* VuforiaManager */ = {
			isa = PBXGroup;
			children = (
				927527991FC2CE4100CE7DCE /* shaders */,
				927B76E41D2806EF00C4F5CC /* VuforiaEAGLView.h */,
				927B76E51D2806EF00C4F5CC /* VuforiaEAGLView.mm */,
				927B76FB1D2816DB00C4F5CC /* VuforiaShaderUtils.h */,
				927B76FC1D2816DB00C4F5CC /* VuforiaShaderUtils.m */,
				927B76E61D2806EF00C4F5CC /* VuforiaManager.h */,
				927B76E71D2806EF00C4F5CC /* VuforiaManager.mm */,
				927B76E81D2806EF00C4F5CC /* VuforiaObjects.h */,
				927B76E91D2806EF00C4F5CC /* VuforiaObjects.mm */,
			);
			name = VuforiaManager;
			sourceTree = "<group>";
		};
		92AA10FC1D27A5EB00E56CBE = {
			isa = PBXGroup;
			children = (
				92AA11071D27A5EB00E56CBE /* VuforiaSampleSwift */,
				92AA11061D27A5EB00E56CBE /* Products */,
				927527971FC2BE0400CE7DCE /* Frameworks */,
			);
			sourceTree = "<group>";
		};
		92AA11061D27A5EB00E56CBE /* Products */ = {
			isa = PBXGroup;
			children = (
				92AA11051D27A5EB00E56CBE /* VuforiaSampleSwift.app */,
			);
			name = Products;
			sourceTree = "<group>";
		};
		92AA11071D27A5EB00E56CBE /* VuforiaSampleSwift */ = {
			isa = PBXGroup;
			children = (
				E4B7A93C2052F752000F4C9D /* SOFA_SYME_3L_APP_COURO_BEGE */,
				E4F05994205859E7002FF3E3 /* 0410661_CADEIRA */,
				E4F0599D205859EF002FF3E3 /* 0412614_MESA */,
				92AA11801D27A6CD00E56CBE /* VuforiaSampleSwift-Bridging-Header.h */,
				927B76E31D27FF2300C4F5CC /* VuforiaManager */,
				92AA11081D27A5EB00E56CBE /* AppDelegate.swift */,
				92AA110A1D27A5EB00E56CBE /* ViewController.swift */,
				E4F05992205855C4002FF3E3 /* ModelSelectionVC.swift */,
				92AA110C1D27A5EB00E56CBE /* Main.storyboard */,
				92AA110F1D27A5EB00E56CBE /* Assets.xcassets */,
				92AA11111D27A5EB00E56CBE /* LaunchScreen.storyboard */,
				92AA11141D27A5EB00E56CBE /* Info.plist */,
				92AA11841D27B96300E56CBE /* Localizable.strings */,
				E4E830212049DCD6003E65A7 /* VuforiaTargets */,
				E4E827F62049DC24003E65A7 /* vuforia-sdk-ios-7-0-47 */,
				927B76DF1D27FE5900C4F5CC /* Frameworks */,
			);
			path = VuforiaSampleSwift;
			sourceTree = "<group>";
		};
		E4B7A93C2052F752000F4C9D /* SOFA_SYME_3L_APP_COURO_BEGE */ = {
			isa = PBXGroup;
			children = (
				E4B7A93D2052F752000F4C9D /* Leather_bege.jpg */,
				E4B7A93E2052F752000F4C9D /* couro_bege.mtl */,
				E4B7A93F2052F752000F4C9D /* couro_bege.obj */,
				E4B7A9402052F752000F4C9D /* WoodFine_marrom_escuro.jpg */,
			);
			path = SOFA_SYME_3L_APP_COURO_BEGE;
			sourceTree = "<group>";
		};
		E4E827F62049DC24003E65A7 /* vuforia-sdk-ios-7-0-47 */ = {
			isa = PBXGroup;
			children = (
				E4E827F72049DC24003E65A7 /* licenses */,
				E4E827F92049DC24003E65A7 /* samples */,
				E4E82C8C2049DC25003E65A7 /* readme.txt */,
				E4E82C8D2049DC25003E65A7 /* build */,
			);
			name = "vuforia-sdk-ios-7-0-47";
			path = "../../vuforia-sdk-ios-7-0-47";
			sourceTree = "<group>";
		};
		E4E827F72049DC24003E65A7 /* licenses */ = {
			isa = PBXGroup;
			children = (
				E4E827F82049DC24003E65A7 /* license_3rdpartynotice.txt */,
			);
			path = licenses;
			sourceTree = "<group>";
		};
		E4E827F92049DC24003E65A7 /* samples */ = {
			isa = PBXGroup;
			children = (
				E4E82C3D2049DC25003E65A7 /* readme.txt */,
			);
			path = samples;
			sourceTree = "<group>";
		};
		E4E82C8D2049DC25003E65A7 /* build */ = {
			isa = PBXGroup;
			children = (
				E4E82C8E2049DC25003E65A7 /* include */,
				E4E82CE52049DC25003E65A7 /* lib */,
			);
			path = build;
			sourceTree = "<group>";
		};
		E4E82C8E2049DC25003E65A7 /* include */ = {
			isa = PBXGroup;
			children = (
				E4E82C8F2049DC25003E65A7 /* Vuforia */,
			);
			path = include;
			sourceTree = "<group>";
		};
		E4E82C8F2049DC25003E65A7 /* Vuforia */ = {
			isa = PBXGroup;
			children = (
				E4E82C902049DC25003E65A7 /* Type.h */,
				E4E82C912049DC25003E65A7 /* MetalRenderer.h */,
				E4E82C922049DC25003E65A7 /* VuMarkTarget.h */,
				E4E82C932049DC25003E65A7 /* GLRenderer.h */,
				E4E82C942049DC25003E65A7 /* TrackableSource.h */,
				E4E82C952049DC25003E65A7 /* Obb3D.h */,
				E4E82C962049DC25003E65A7 /* Vuforia_iOS.h */,
				E4E82C972049DC25003E65A7 /* VideoBackgroundTextureInfo.h */,
				E4E82C982049DC25003E65A7 /* WordList.h */,
				E4E82C992049DC25003E65A7 /* CylinderTargetResult.h */,
				E4E82C9A2049DC25003E65A7 /* Device.h */,
				E4E82C9B2049DC25003E65A7 /* CustomViewerParameters.h */,
				E4E82C9C2049DC25003E65A7 /* Obb2D.h */,
				E4E82C9D2049DC25003E65A7 /* ModelTarget.h */,
				E4E82C9E2049DC25003E65A7 /* Anchor.h */,
				E4E82C9F2049DC25003E65A7 /* InstanceId.h */,
				E4E82CA02049DC25003E65A7 /* VideoMode.h */,
				E4E82CA12049DC25003E65A7 /* TrackableResult.h */,
				E4E82CA22049DC25003E65A7 /* RotationalDeviceTracker.h */,
				E4E82CA32049DC25003E65A7 /* ObjectTargetResult.h */,
				E4E82CA42049DC25003E65A7 /* TextTracker.h */,
				E4E82CA52049DC25003E65A7 /* TargetSearchResult.h */,
				E4E82CA62049DC25003E65A7 /* MultiTarget.h */,
				E4E82CA72049DC25003E65A7 /* Frame.h */,
				E4E82CA82049DC25003E65A7 /* Renderer.h */,
				E4E82CA92049DC25003E65A7 /* Box3D.h */,
				E4E82CAA2049DC25003E65A7 /* Vectors.h */,
				E4E82CAB2049DC25003E65A7 /* Mesh.h */,
				E4E82CAC2049DC25003E65A7 /* View.h */,
				E4E82CAD2049DC25003E65A7 /* VuMarkTargetResult.h */,
				E4E82CAE2049DC25003E65A7 /* Area.h */,
				E4E82CAF2049DC25003E65A7 /* GuideView.h */,
				E4E82CB02049DC25003E65A7 /* ObjectTracker.h */,
				E4E82CB12049DC25003E65A7 /* EyewearCalibrationProfileManager.h */,
				E4E82CB22049DC25003E65A7 /* DeviceTrackableResult.h */,
				E4E82CB32049DC25003E65A7 /* VirtualButtonResult.h */,
				E4E82CB42049DC25003E65A7 /* Illumination.h */,
				E4E82CB52049DC25003E65A7 /* DataSet.h */,
				E4E82CB62049DC25003E65A7 /* EyewearCalibrationReading.h */,
				E4E82CB72049DC25003E65A7 /* ModelTargetResult.h */,
				E4E82CB82049DC25003E65A7 /* EyeID.h */,
				E4E82CB92049DC25003E65A7 /* SmartTerrain.h */,
				E4E82CBA2049DC25003E65A7 /* EyewearUserCalibrator.h */,
				E4E82CBB2049DC25003E65A7 /* NonCopyable.h */,
				E4E82CBC2049DC25003E65A7 /* HeadTransformModel.h */,
				E4E82CBD2049DC25003E65A7 /* ImageTarget.h */,
				E4E82CBE2049DC25003E65A7 /* PositionalDeviceTracker.h */,
				E4E82CBF2049DC25003E65A7 /* Vuforia.h */,
				E4E82CC02049DC25003E65A7 /* VuMarkTemplate.h */,
				E4E82CC12049DC25003E65A7 /* TrackerManager.h */,
				E4E82CC22049DC25003E65A7 /* VirtualButton.h */,
				E4E82CC32049DC25003E65A7 /* Trackable.h */,
				E4E82CC42049DC25003E65A7 /* UpdateCallback.h */,
				E4E82CC52049DC25003E65A7 /* EyewearDevice.h */,
				E4E82CC62049DC25003E65A7 /* UIGLViewProtocol.h */,
				E4E82CC72049DC25003E65A7 /* ViewerParametersList.h */,
				E4E82CC82049DC25003E65A7 /* MultiTargetResult.h */,
				E4E82CC92049DC25003E65A7 /* Tool.h */,
				E4E82CCA2049DC25003E65A7 /* System.h */,
				E4E82CCB2049DC25003E65A7 /* HandheldTransformModel.h */,
				E4E82CCC2049DC25003E65A7 /* TargetFinder.h */,
				E4E82CCD2049DC25003E65A7 /* Matrices.h */,
				E4E82CCE2049DC25003E65A7 /* Rectangle.h */,
				E4E82CCF2049DC25003E65A7 /* CylinderTarget.h */,
				E4E82CD02049DC25003E65A7 /* CameraField.h */,
				E4E82CD12049DC25003E65A7 /* DeviceTracker.h */,
				E4E82CD22049DC25003E65A7 /* CameraDevice.h */,
				E4E82CD32049DC25003E65A7 /* HitTestResult.h */,
				E4E82CD42049DC25003E65A7 /* WordResult.h */,
				E4E82CD52049DC25003E65A7 /* TransformModel.h */,
				E4E82CD62049DC25003E65A7 /* DeviceTrackable.h */,
				E4E82CD72049DC25003E65A7 /* State.h */,
				E4E82CD82049DC25003E65A7 /* Tracker.h */,
				E4E82CD92049DC25003E65A7 /* VideoBackgroundConfig.h */,
				E4E82CDA2049DC25003E65A7 /* CameraCalibration.h */,
				E4E82CDB2049DC25003E65A7 /* AnchorResult.h */,
				E4E82CDC2049DC25003E65A7 /* Word.h */,
				E4E82CDD2049DC25003E65A7 /* ViewerParameters.h */,
				E4E82CDE2049DC25003E65A7 /* ImageTargetResult.h */,
				E4E82CDF2049DC25003E65A7 /* ViewList.h */,
				E4E82CE02049DC25003E65A7 /* Image.h */,
				E4E82CE12049DC25003E65A7 /* RenderingPrimitives.h */,
				E4E82CE22049DC25003E65A7 /* StateUpdater.h */,
				E4E82CE32049DC25003E65A7 /* ImageTargetBuilder.h */,
				E4E82CE42049DC25003E65A7 /* ObjectTarget.h */,
			);
			path = Vuforia;
			sourceTree = "<group>";
		};
		E4E82CE52049DC25003E65A7 /* lib */ = {
			isa = PBXGroup;
			children = (
				E4E82CE62049DC25003E65A7 /* arm */,
			);
			path = lib;
			sourceTree = "<group>";
		};
		E4E82CE62049DC25003E65A7 /* arm */ = {
			isa = PBXGroup;
			children = (
				E4E82CE72049DC25003E65A7 /* libVuforia.a */,
			);
			path = arm;
			sourceTree = "<group>";
		};
		E4E830212049DCD6003E65A7 /* VuforiaTargets */ = {
			isa = PBXGroup;
			children = (
				E4E830222049DCD6003E65A7 /* Tarmac.dat */,
				E4E830232049DCD6003E65A7 /* Tarmac.xml */,
				E4E830242049DCD6003E65A7 /* StonesAndChips.xml */,
				E4E830252049DCD6003E65A7 /* IT_about.html */,
				E4E830262049DCD6003E65A7 /* StonesAndChips.dat */,
				E4E830272049DCD6003E65A7 /* IT.png */,
			);
			name = VuforiaTargets;
			path = "../../vuforia-sdk-ios-7-0-47/samples/VuforiaSamples-7-0-47/VuforiaSamples/Resources/Assets/VuforiaTargets";
			sourceTree = "<group>";
		};
		E4F05994205859E7002FF3E3 /* 0410661_CADEIRA */ = {
			isa = PBXGroup;
			children = (
				E4F05995205859E7002FF3E3 /* trama_marrom_R.jpg */,
				E4F05996205859E7002FF3E3 /* CADEIRA_URBAN_TRAMA_MARROM_B.obj */,
				E4F05997205859E7002FF3E3 /* WoodFine_marrom_claro_R.jpg */,
				E4F05998205859E7002FF3E3 /* CADEIRA_URBAN_TRAMA_MARROM_B.mtl */,
			);
			path = 0410661_CADEIRA;
			sourceTree = "<group>";
		};
		E4F0599D205859EF002FF3E3 /* 0412614_MESA */ = {
			isa = PBXGroup;
			children = (
				E4F0599E205859EF002FF3E3 /* MESA_JANTAR_NEW_FOREST_P_CANYON_B.mtl */,
				E4F0599F205859EF002FF3E3 /* MESA_JANTAR_NEW_FOREST_P_CANYON_B.obj */,
				E4F059A0205859EF002FF3E3 /* canyon_R.jpg */,
			);
			path = 0412614_MESA;
			sourceTree = "<group>";
		};
/* End PBXGroup section */

/* Begin PBXNativeTarget section */
		92AA11041D27A5EB00E56CBE /* VuforiaSampleSwift */ = {
			isa = PBXNativeTarget;
			buildConfigurationList = 92AA11171D27A5EB00E56CBE /* Build configuration list for PBXNativeTarget "VuforiaSampleSwift" */;
			buildPhases = (
				92AA11011D27A5EB00E56CBE /* Sources */,
				92AA11021D27A5EB00E56CBE /* Frameworks */,
				92AA11031D27A5EB00E56CBE /* Resources */,
			);
			buildRules = (
			);
			dependencies = (
			);
			name = VuforiaSampleSwift;
			productName = VuforiaSampleSwift;
			productReference = 92AA11051D27A5EB00E56CBE /* VuforiaSampleSwift.app */;
			productType = "com.apple.product-type.application";
		};
/* End PBXNativeTarget section */

/* Begin PBXProject section */
		92AA10FD1D27A5EB00E56CBE /* Project object */ = {
			isa = PBXProject;
			attributes = {
				LastSwiftUpdateCheck = 0730;
				LastUpgradeCheck = 0800;
				ORGANIZATIONNAME = "Yoshihiro Kato";
				TargetAttributes = {
					92AA11041D27A5EB00E56CBE = {
						CreatedOnToolsVersion = 7.3.1;
						DevelopmentTeam = G6SQG7XCNV;
						LastSwiftMigration = 0800;
						ProvisioningStyle = Automatic;
					};
				};
			};
			buildConfigurationList = 92AA11001D27A5EB00E56CBE /* Build configuration list for PBXProject "VuforiaSampleSwift" */;
			compatibilityVersion = "Xcode 3.2";
			developmentRegion = English;
			hasScannedForEncodings = 0;
			knownRegions = (
				en,
				Base,
			);
			mainGroup = 92AA10FC1D27A5EB00E56CBE;
			productRefGroup = 92AA11061D27A5EB00E56CBE /* Products */;
			projectDirPath = "";
			projectRoot = "";
			targets = (
				92AA11041D27A5EB00E56CBE /* VuforiaSampleSwift */,
			);
		};
/* End PBXProject section */

/* Begin PBXResourcesBuildPhase section */
		92AA11031D27A5EB00E56CBE /* Resources */ = {
			isa = PBXResourcesBuildPhase;
			buildActionMask = 2147483647;
			files = (
				E4F05999205859E7002FF3E3 /* trama_marrom_R.jpg in Resources */,
				9275279C1FC2CE5200CE7DCE /* Background.fragsh in Resources */,
				9275279D1FC2CE5200CE7DCE /* Background.vertsh in Resources */,
				92AA11131D27A5EB00E56CBE /* LaunchScreen.storyboard in Resources */,
				E4B7A9422052F752000F4C9D /* couro_bege.mtl in Resources */,
				92AA11101D27A5EB00E56CBE /* Assets.xcassets in Resources */,
				E4B7A9432052F752000F4C9D /* couro_bege.obj in Resources */,
				E4F059A1205859EF002FF3E3 /* MESA_JANTAR_NEW_FOREST_P_CANYON_B.mtl in Resources */,
				92AA11851D27B96300E56CBE /* Localizable.strings in Resources */,
				E4B7A9442052F752000F4C9D /* WoodFine_marrom_escuro.jpg in Resources */,
				E4E8302D2049DCD6003E65A7 /* IT.png in Resources */,
				E4B7A9412052F752000F4C9D /* Leather_bege.jpg in Resources */,
				E4F059A3205859EF002FF3E3 /* canyon_R.jpg in Resources */,
				E4E8302C2049DCD6003E65A7 /* StonesAndChips.dat in Resources */,
				E4E82D032049DC26003E65A7 /* license_3rdpartynotice.txt in Resources */,
				E4F0599B205859E7002FF3E3 /* WoodFine_marrom_claro_R.jpg in Resources */,
				E4E830292049DCD6003E65A7 /* Tarmac.xml in Resources */,
				E4E8302B2049DCD6003E65A7 /* IT_about.html in Resources */,
				E4E8302A2049DCD6003E65A7 /* StonesAndChips.xml in Resources */,
				E4F0599C205859E7002FF3E3 /* CADEIRA_URBAN_TRAMA_MARROM_B.mtl in Resources */,
				E4F059A2205859EF002FF3E3 /* MESA_JANTAR_NEW_FOREST_P_CANYON_B.obj in Resources */,
				E4F0599A205859E7002FF3E3 /* CADEIRA_URBAN_TRAMA_MARROM_B.obj in Resources */,
				E4E8301F2049DC26003E65A7 /* readme.txt in Resources */,
				E4E830282049DCD6003E65A7 /* Tarmac.dat in Resources */,
				E4E82FF42049DC26003E65A7 /* readme.txt in Resources */,
				92AA110E1D27A5EB00E56CBE /* Main.storyboard in Resources */,
			);
			runOnlyForDeploymentPostprocessing = 0;
		};
/* End PBXResourcesBuildPhase section */

/* Begin PBXSourcesBuildPhase section */
		92AA11011D27A5EB00E56CBE /* Sources */ = {
			isa = PBXSourcesBuildPhase;
			buildActionMask = 2147483647;
			files = (
				927B76EA1D2806EF00C4F5CC /* VuforiaEAGLView.mm in Sources */,
				927B76FD1D2816DB00C4F5CC /* VuforiaShaderUtils.m in Sources */,
				E4F05993205855C4002FF3E3 /* ModelSelectionVC.swift in Sources */,
				92AA110B1D27A5EB00E56CBE /* ViewController.swift in Sources */,
				92AA11091D27A5EB00E56CBE /* AppDelegate.swift in Sources */,
				927B76EB1D2806EF00C4F5CC /* VuforiaManager.mm in Sources */,
				927B76EC1D2806EF00C4F5CC /* VuforiaObjects.mm in Sources */,
			);
			runOnlyForDeploymentPostprocessing = 0;
		};
/* End PBXSourcesBuildPhase section */

/* Begin PBXVariantGroup section */
		92AA110C1D27A5EB00E56CBE /* Main.storyboard */ = {
			isa = PBXVariantGroup;
			children = (
				92AA110D1D27A5EB00E56CBE /* Base */,
			);
			name = Main.storyboard;
			sourceTree = "<group>";
		};
		92AA11111D27A5EB00E56CBE /* LaunchScreen.storyboard */ = {
			isa = PBXVariantGroup;
			children = (
				92AA11121D27A5EB00E56CBE /* Base */,
			);
			name = LaunchScreen.storyboard;
			sourceTree = "<group>";
		};
/* End PBXVariantGroup section */

/* Begin XCBuildConfiguration section */
		92AA11151D27A5EB00E56CBE /* Debug */ = {
			isa = XCBuildConfiguration;
			buildSettings = {
				ALWAYS_SEARCH_USER_PATHS = NO;
				CLANG_ANALYZER_NONNULL = YES;
				CLANG_CXX_LANGUAGE_STANDARD = "gnu++0x";
				CLANG_CXX_LIBRARY = "libc++";
				CLANG_ENABLE_MODULES = YES;
				CLANG_ENABLE_OBJC_ARC = YES;
				CLANG_WARN_BOOL_CONVERSION = YES;
				CLANG_WARN_CONSTANT_CONVERSION = YES;
				CLANG_WARN_DIRECT_OBJC_ISA_USAGE = YES_ERROR;
				CLANG_WARN_EMPTY_BODY = YES;
				CLANG_WARN_ENUM_CONVERSION = YES;
				CLANG_WARN_INFINITE_RECURSION = YES;
				CLANG_WARN_INT_CONVERSION = YES;
				CLANG_WARN_OBJC_ROOT_CLASS = YES_ERROR;
				CLANG_WARN_SUSPICIOUS_MOVE = YES;
				CLANG_WARN_UNREACHABLE_CODE = YES;
				CLANG_WARN__DUPLICATE_METHOD_MATCH = YES;
				"CODE_SIGN_IDENTITY[sdk=iphoneos*]" = "iPhone Developer";
				COPY_PHASE_STRIP = NO;
				DEBUG_INFORMATION_FORMAT = dwarf;
				ENABLE_BITCODE = NO;
				ENABLE_STRICT_OBJC_MSGSEND = YES;
				ENABLE_TESTABILITY = YES;
				GCC_C_LANGUAGE_STANDARD = gnu99;
				GCC_DYNAMIC_NO_PIC = NO;
				GCC_NO_COMMON_BLOCKS = YES;
				GCC_OPTIMIZATION_LEVEL = 0;
				GCC_PREPROCESSOR_DEFINITIONS = (
					"DEBUG=1",
					"$(inherited)",
				);
				GCC_WARN_64_TO_32_BIT_CONVERSION = YES;
				GCC_WARN_ABOUT_RETURN_TYPE = YES_ERROR;
				GCC_WARN_UNDECLARED_SELECTOR = YES;
				GCC_WARN_UNINITIALIZED_AUTOS = YES_AGGRESSIVE;
				GCC_WARN_UNUSED_FUNCTION = YES;
				GCC_WARN_UNUSED_VARIABLE = YES;
				IPHONEOS_DEPLOYMENT_TARGET = 9.3;
				MTL_ENABLE_DEBUG_INFO = YES;
				ONLY_ACTIVE_ARCH = YES;
				SDKROOT = iphoneos;
				SWIFT_OPTIMIZATION_LEVEL = "-Onone";
			};
			name = Debug;
		};
		92AA11161D27A5EB00E56CBE /* Release */ = {
			isa = XCBuildConfiguration;
			buildSettings = {
				ALWAYS_SEARCH_USER_PATHS = NO;
				CLANG_ANALYZER_NONNULL = YES;
				CLANG_CXX_LANGUAGE_STANDARD = "gnu++0x";
				CLANG_CXX_LIBRARY = "libc++";
				CLANG_ENABLE_MODULES = YES;
				CLANG_ENABLE_OBJC_ARC = YES;
				CLANG_WARN_BOOL_CONVERSION = YES;
				CLANG_WARN_CONSTANT_CONVERSION = YES;
				CLANG_WARN_DIRECT_OBJC_ISA_USAGE = YES_ERROR;
				CLANG_WARN_EMPTY_BODY = YES;
				CLANG_WARN_ENUM_CONVERSION = YES;
				CLANG_WARN_INFINITE_RECURSION = YES;
				CLANG_WARN_INT_CONVERSION = YES;
				CLANG_WARN_OBJC_ROOT_CLASS = YES_ERROR;
				CLANG_WARN_SUSPICIOUS_MOVE = YES;
				CLANG_WARN_UNREACHABLE_CODE = YES;
				CLANG_WARN__DUPLICATE_METHOD_MATCH = YES;
				"CODE_SIGN_IDENTITY[sdk=iphoneos*]" = "iPhone Developer";
				COPY_PHASE_STRIP = NO;
				DEBUG_INFORMATION_FORMAT = "dwarf-with-dsym";
				ENABLE_BITCODE = NO;
				ENABLE_NS_ASSERTIONS = NO;
				ENABLE_STRICT_OBJC_MSGSEND = YES;
				GCC_C_LANGUAGE_STANDARD = gnu99;
				GCC_NO_COMMON_BLOCKS = YES;
				GCC_WARN_64_TO_32_BIT_CONVERSION = YES;
				GCC_WARN_ABOUT_RETURN_TYPE = YES_ERROR;
				GCC_WARN_UNDECLARED_SELECTOR = YES;
				GCC_WARN_UNINITIALIZED_AUTOS = YES_AGGRESSIVE;
				GCC_WARN_UNUSED_FUNCTION = YES;
				GCC_WARN_UNUSED_VARIABLE = YES;
				IPHONEOS_DEPLOYMENT_TARGET = 9.3;
				MTL_ENABLE_DEBUG_INFO = NO;
				SDKROOT = iphoneos;
				SWIFT_OPTIMIZATION_LEVEL = "-Owholemodule";
				VALIDATE_PRODUCT = YES;
			};
			name = Release;
		};
		92AA11181D27A5EB00E56CBE /* Debug */ = {
			isa = XCBuildConfiguration;
			buildSettings = {
				ASSETCATALOG_COMPILER_APPICON_NAME = AppIcon;
				CLANG_ENABLE_MODULES = YES;
				"CODE_SIGN_IDENTITY[sdk=iphoneos*]" = "iPhone Developer";
				DEVELOPMENT_TEAM = G6SQG7XCNV;
				ENABLE_BITCODE = NO;
				HEADER_SEARCH_PATHS = "\"$(SRCROOT)/../vuforia-sdk-ios-7-0-47/build/include\"";
				INFOPLIST_FILE = VuforiaSampleSwift/Info.plist;
				LD_RUNPATH_SEARCH_PATHS = "$(inherited) @executable_path/Frameworks";
				LIBRARY_SEARCH_PATHS = (
					"$(inherited)",
					"$(PROJECT_DIR)/../vuforia-sdk-ios-7-0-47/build/lib/arm",
				);
				PRODUCT_BUNDLE_IDENTIFIER = br.com.lab360.VuforiaSampleSwift;
				PRODUCT_NAME = VuforiaSampleSwift;
				SWIFT_OBJC_BRIDGING_HEADER = "VuforiaSampleSwift/VuforiaSampleSwift-Bridging-Header.h";
				SWIFT_OPTIMIZATION_LEVEL = "-Onone";
				SWIFT_VERSION = 3.0;
				USER_HEADER_SEARCH_PATHS = "";
			};
			name = Debug;
		};
		92AA11191D27A5EB00E56CBE /* Release */ = {
			isa = XCBuildConfiguration;
			buildSettings = {
				ASSETCATALOG_COMPILER_APPICON_NAME = AppIcon;
				CLANG_ENABLE_MODULES = YES;
				"CODE_SIGN_IDENTITY[sdk=iphoneos*]" = "iPhone Developer";
				DEVELOPMENT_TEAM = G6SQG7XCNV;
				ENABLE_BITCODE = NO;
				HEADER_SEARCH_PATHS = "\"$(SRCROOT)/../vuforia-sdk-ios-7-0-47/build/include\"";
				INFOPLIST_FILE = VuforiaSampleSwift/Info.plist;
				LD_RUNPATH_SEARCH_PATHS = "$(inherited) @executable_path/Frameworks";
				LIBRARY_SEARCH_PATHS = (
					"$(inherited)",
					"$(PROJECT_DIR)/../vuforia-sdk-ios-7-0-47/build/lib/arm",
				);
				PRODUCT_BUNDLE_IDENTIFIER = br.com.lab360.VuforiaSampleSwift;
				PRODUCT_NAME = VuforiaSampleSwift;
				SWIFT_OBJC_BRIDGING_HEADER = "VuforiaSampleSwift/VuforiaSampleSwift-Bridging-Header.h";
				SWIFT_VERSION = 3.0;
				USER_HEADER_SEARCH_PATHS = "";
			};
			name = Release;
		};
/* End XCBuildConfiguration section */

/* Begin XCConfigurationList section */
		92AA11001D27A5EB00E56CBE /* Build configuration list for PBXProject "VuforiaSampleSwift" */ = {
			isa = XCConfigurationList;
			buildConfigurations = (
				92AA11151D27A5EB00E56CBE /* Debug */,
				92AA11161D27A5EB00E56CBE /* Release */,
			);
			defaultConfigurationIsVisible = 0;
			defaultConfigurationName = Release;
		};
		92AA11171D27A5EB00E56CBE /* Build configuration list for PBXNativeTarget "VuforiaSampleSwift" */ = {
			isa = XCConfigurationList;
			buildConfigurations = (
				92AA11181D27A5EB00E56CBE /* Debug */,
				92AA11191D27A5EB00E56CBE /* Release */,
			);
			defaultConfigurationIsVisible = 0;
			defaultConfigurationName = Release;
		};
/* End XCConfigurationList section */
	};
	rootObject = 92AA10FD1D27A5EB00E56CBE /* Project object */;
}
